
Microsoft Visual Studio Solution File, Format Version 12.00
# Visual Studio 2013
VisualStudioVersion = 12.0.21005.1
MinimumVisualStudioVersion = 10.0.40219.1
Project("{FAE04EC0-301F-11D3-BF4B-00C04F79EFBC}") = "ProduitsApp.DataAccess", "ProduitsApp.DataAccess\ProduitsApp.DataAccess.csproj", "{F0111416-4136-4641-8756-1FCB9E2BF6BF}"
EndProject
Project("{FAE04EC0-301F-11D3-BF4B-00C04F79EFBC}") = "ProduitsApp.DataAccess.Tests", "ProduitsApp.DataAccess.Tests\ProduitsApp.DataAccess.Tests.csproj", "{A30E49F6-D0C4-45C6-8F11-FDB18515AA9A}"
EndProject
Project("{FAE04EC0-301F-11D3-BF4B-00C04F79EFBC}") = "ProduitsApp.Servicess", "ProduitsApp.Servicess\ProduitsApp.Servicess.csproj", "{EDD0525B-B7AE-43EE-90BC-5B93C52FD930}"
EndProject
Global
	GlobalSection(SolutionConfigurationPlatforms) = preSolution
		Debug|Any CPU = Debug|Any CPU
		Release|Any CPU = Release|Any CPU
	EndGlobalSection
	GlobalSection(ProjectConfigurationPlatforms) = postSolution
		{F0111416-4136-4641-8756-1FCB9E2BF6BF}.Debug|Any CPU.ActiveCfg = Debug|Any CPU
		{F0111416-4136-4641-8756-1FCB9E2BF6BF}.Debug|Any CPU.Build.0 = Debug|Any CPU
		{F0111416-4136-4641-8756-1FCB9E2BF6BF}.Release|Any CPU.ActiveCfg = Release|Any CPU
		{F0111416-4136-4641-8756-1FCB9E2BF6BF}.Release|Any CPU.Build.0 = Release|Any CPU
		{A30E49F6-D0C4-45C6-8F11-FDB18515AA9A}.Debug|Any CPU.ActiveCfg = Debug|Any CPU
		{A30E49F6-D0C4-45C6-8F11-FDB18515AA9A}.Debug|Any CPU.Build.0 = Debug|Any CPU
		{A30E49F6-D0C4-45C6-8F11-FDB18515AA9A}.Release|Any CPU.ActiveCfg = Release|Any CPU
		{A30E49F6-D0C4-45C6-8F11-FDB18515AA9A}.Release|Any CPU.Build.0 = Release|Any CPU
		{EDD0525B-B7AE-43EE-90BC-5B93C52FD930}.Debug|Any CPU.ActiveCfg = Debug|Any CPU
		{EDD0525B-B7AE-43EE-90BC-5B93C52FD930}.Debug|Any CPU.Build.0 = Debug|Any CPU
		{EDD0525B-B7AE-43EE-90BC-5B93C52FD930}.Release|Any CPU.ActiveCfg = Release|Any CPU
		{EDD0525B-B7AE-43EE-90BC-5B93C52FD930}.Release|Any CPU.Build.0 = Release|Any CPU
	EndGlobalSection
	GlobalSection(SolutionProperties) = preSolution
		HideSolutionNode = FALSE
	EndGlobalSection
EndGlobal
